
Microsoft Visual Studio Solution File, Format Version 12.00
# Visual Studio Version 16
VisualStudioVersion = 16.0.34301.259
MinimumVisualStudioVersion = 10.0.40219.1
Project("{FAE04EC0-301F-11D3-BF4B-00C04F79EFBC}") = "CurdMachineTest", "CurdMachineTest\CurdMachineTest.csproj", "{95DAC6D4-3623-4426-A97C-46346E673D2C}"
EndProject
Global
	GlobalSection(SolutionConfigurationPlatforms) = preSolution
		Debug|Any CPU = Debug|Any CPU
		Release|Any CPU = Release|Any CPU
	EndGlobalSection
	GlobalSection(ProjectConfigurationPlatforms) = postSolution
		{95DAC6D4-3623-4426-A97C-46346E673D2C}.Debug|Any CPU.ActiveCfg = Debug|Any CPU
		{95DAC6D4-3623-4426-A97C-46346E673D2C}.Debug|Any CPU.Build.0 = Debug|Any CPU
		{95DAC6D4-3623-4426-A97C-46346E673D2C}.Release|Any CPU.ActiveCfg = Release|Any CPU
		{95DAC6D4-3623-4426-A97C-46346E673D2C}.Release|Any CPU.Build.0 = Release|Any CPU
	EndGlobalSection
	GlobalSection(SolutionProperties) = preSolution
		HideSolutionNode = FALSE
	EndGlobalSection
	GlobalSection(ExtensibilityGlobals) = postSolution
		SolutionGuid = {E6A98903-F61D-479B-A5AD-8A9A79350856}
	EndGlobalSection
EndGlobal
